
Microsoft Visual Studio Solution File, Format Version 12.00
# Visual Studio Version 17
VisualStudioVersion = 17.4.33213.308
MinimumVisualStudioVersion = 10.0.40219.1
Project("{FAE04EC0-301F-11D3-BF4B-00C04F79EFBC}") = "4-SQLTermekek Console", "4-SQLTermekek Console\4-SQLTermekek Console.csproj", "{21779CC5-AC61-4973-A3F2-D6AF5604012F}"
EndProject
Global
	GlobalSection(SolutionConfigurationPlatforms) = preSolution
		Debug|Any CPU = Debug|Any CPU
		Release|Any CPU = Release|Any CPU
	EndGlobalSection
	GlobalSection(ProjectConfigurationPlatforms) = postSolution
		{21779CC5-AC61-4973-A3F2-D6AF5604012F}.Debug|Any CPU.ActiveCfg = Debug|Any CPU
		{21779CC5-AC61-4973-A3F2-D6AF5604012F}.Debug|Any CPU.Build.0 = Debug|Any CPU
		{21779CC5-AC61-4973-A3F2-D6AF5604012F}.Release|Any CPU.ActiveCfg = Release|Any CPU
		{21779CC5-AC61-4973-A3F2-D6AF5604012F}.Release|Any CPU.Build.0 = Release|Any CPU
	EndGlobalSection
	GlobalSection(SolutionProperties) = preSolution
		HideSolutionNode = FALSE
	EndGlobalSection
	GlobalSection(ExtensibilityGlobals) = postSolution
		SolutionGuid = {87E13FF1-A84F-4853-9415-2FE0403792B9}
	EndGlobalSection
EndGlobal
